filippo.io/edwards25519 v1.1.0 h1:FNf4tywRC1HmFuKW5xopWpigGjJKiJSV0Cqo0cJWDaA=
filippo.io/edwards25519 v1.1.0/go.mod h1:BxyFTGdWcka3PhytdK4V28tE5sGfRvvvRV7EaN4VDT4=
github.com/aws/aws-lambda-go v1.47.0 h1:0H8s0vumYx/YKs4sE7YM0ktwL2eWse+kfopsRI1sXVI=
github.com/aws/aws-lambda-go v1.47.0/go.mod h1:dpMpZgvWx5vuQJfBt0zqBha60q7Dd7RfgJv23DymV8A=
github.com/aws/aws-sdk-go-v2 v1.30.3 h1:jUeBtG0Ih+ZIFH0F4UkmL9w3cSpaMv9tYYDbzILP8dY=
github.com/aws/aws-sdk-go-v2 v1.30.3/go.mod h1:nIQjQVp5sfpQcTc9mPSr1B0PaWK5ByX9MOoDadSN4lc=
github.com/aws/aws-sdk-go-v2 v1.32.4 h1:S13INUiTxgrPueTmrm5DZ+MiAo99zYzHEFh1UNkOxNE=
github.com/aws/aws-sdk-go-v2 v1.32.4/go.mod h1:2SK5n0a2karNTv5tbP1SjsX0uhttou00v/HpXKM1ZUo=
github.com/aws/aws-sdk-go-v2/config v1.27.27 h1:HdqgGt1OAP0HkEDDShEl0oSYa9ZZBSOmKpdpsDMdO90=
github.com/aws/aws-sdk-go-v2/config v1.27.27/go.mod h1:MVYamCg76dFNINkZFu4n4RjDixhVr51HLj4ErWzrVwg=
github.com/aws/aws-sdk-go-v2/config v1.28.3 h1:kL5uAptPcPKaJ4q0sDUjUIdueO18Q7JDzl64GpVwdOM=
github.com/aws/aws-sdk-go-v2/config v1.28.3/go.mod h1:SPEn1KA8YbgQnwiJ/OISU4fz7+F6Fe309Jf0QTsRCl4=
github.com/aws/aws-sdk-go-v2/credentials v1.17.27 h1:2raNba6gr2IfA0eqqiP2XiQ0UVOpGPgDSi0I9iAP+UI=
github.com/aws/aws-sdk-go-v2/credentials v1.17.27/go.mod h1:gniiwbGahQByxan6YjQUMcW4Aov6bLC3m+evgcoN4r4=
github.com/aws/aws-sdk-go-v2/credentials v1.17.44 h1:qqfs5kulLUHUEXlHEZXLJkgGoF3kkUeFUTVA585cFpU=
github.com/aws/aws-sdk-go-v2/credentials v1.17.44/go.mod h1:0Lm2YJ8etJdEdw23s+q/9wTpOeo2HhNE97XcRa7T8MA=
github.com/aws/aws-sdk-go-v2/feature/ec2/imds v1.16.11 h1:KreluoV8FZDEtI6Co2xuNk/UqI9iwMrOx/87PBNIKqw=
github.com/aws/aws-sdk-go-v2/feature/ec2/imds v1.16.11/go.mod h1:SeSUYBLsMYFoRvHE0Tjvn7kbxaUhl75CJi1sbfhMxkU=
github.com/aws/aws-sdk-go-v2/feature/ec2/imds v1.16.19 h1:woXadbf0c7enQ2UGCi8gW/WuKmE0xIzxBF/eD94jMKQ=
github.com/aws/aws-sdk-go-v2/feature/ec2/imds v1.16.19/go.mod h1:zminj5ucw7w0r65bP6nhyOd3xL6veAUMc3ElGMoLVb4=
github.com/aws/aws-sdk-go-v2/internal/configsources v1.3.15 h1:SoNJ4RlFEQEbtDcCEt+QG56MY4fm4W8rYirAmq+/DdU=
github.com/aws/aws-sdk-go-v2/internal/configsources v1.3.15/go.mod h1:U9ke74k1n2bf+RIgoX1SXFed1HLs51OgUSs+Ph0KJP8=
github.com/aws/aws-sdk-go-v2/internal/configsources v1.3.23 h1:A2w6m6Tmr+BNXjDsr7M90zkWjsu4JXHwrzPg235STs4=
github.com/aws/aws-sdk-go-v2/internal/configsources v1.3.23/go.mod h1:35EVp9wyeANdujZruvHiQUAo9E3vbhnIO1mTCAxMlY0=
github.com/aws/aws-sdk-go-v2/internal/endpoints/v2 v2.6.15 h1:C6WHdGnTDIYETAm5iErQUiVNsclNx9qbJVPIt03B6bI=
github.com/aws/aws-sdk-go-v2/internal/endpoints/v2 v2.6.15/go.mod h1:ZQLZqhcu+JhSrA9/NXRm8SkDvsycE+JkV3WGY41e+IM=
github.com/aws/aws-sdk-go-v2/internal/endpoints/v2 v2.6.23 h1:pgYW9FCabt2M25MoHYCfMrVY2ghiiBKYWUVXfwZs+sU=
github.com/aws/aws-sdk-go-v2/internal/endpoints/v2 v2.6.23/go.mod h1:c48kLgzO19wAu3CPkDWC28JbaJ+hfQlsdl7I2+oqIbk=
github.com/aws/aws-sdk-go-v2/internal/ini v1.8.0 h1:hT8rVHwugYE2lEfdFE0QWVo81lF7jMrYJVDWI+f+VxU=
github.com/aws/aws-sdk-go-v2/internal/ini v1.8.0/go.mod h1:8tu/lYfQfFe6IGnaOdrpVgEL2IrrDOf6/m9RQum4NkY=
github.com/aws/aws-sdk-go-v2/internal/ini v1.8.1 h1:VaRN3TlFdd6KxX1x3ILT5ynH6HvKgqdiXoTxAF4HQcQ=
github.com/aws/aws-sdk-go-v2/internal/ini v1.8.1/go.mod h1:FbtygfRFze9usAadmnGJNc8KsP346kEe+y2/oyhGAGc=
github.com/aws/aws-sdk-go-v2/service/internal/accept-encoding v1.11.3 h1:dT3MqvGhSoaIhRseqw2I0yH81l7wiR2vjs57O51EAm8=
github.com/aws/aws-sdk-go-v2/service/internal/accept-encoding v1.11.3/go.mod h1:GlAeCkHwugxdHaueRr4nhPuY+WW+gR8UjlcqzPr1SPI=
github.com/aws/aws-sdk-go-v2/service/internal/accept-encoding v1.12.0 h1:TToQNkvGguu209puTojY/ozlqy2d/SFNcoLIqTFi42g=
github.com/aws/aws-sdk-go-v2/service/internal/accept-encoding v1.12.0/go.mod h1:0jp+ltwkf+SwG2fm/PKo8t4y8pJSgOCO4D8Lz3k0aHQ=
github.com/aws/aws-sdk-go-v2/service/internal/presigned-url v1.11.17 h1:HGErhhrxZlQ044RiM+WdoZxp0p+EGM62y3L6pwA4olE=
github.com/aws/aws-sdk-go-v2/service/internal/presigned-url v1.11.17/go.mod h1:RkZEx4l0EHYDJpWppMJ3nD9wZJAa8/0lq9aVC+r2UII=
github.com/aws/aws-sdk-go-v2/service/internal/presigned-url v1.12.4 h1:tHxQi/XHPK0ctd/wdOw0t7Xrc2OxcRCnVzv8lwWPu0c=
github.com/aws/aws-sdk-go-v2/service/internal/presigned-url v1.12.4/go.mod h1:4GQbF1vJzG60poZqWatZlhP31y8PGCCVTvIGPdaaYJ0=
github.com/aws/aws-sdk-go-v2/service/secretsmanager v1.34.5 h1:gqj99GNYzuY0jMekToqvOW1VaSupY0Qn0oj1JGSolpE=
github.com/aws/aws-sdk-go-v2/service/secretsmanager v1.34.5/go.mod h1:FTCjaQxTVVQqLQ4ktBsLNZPnJ9pVLkJ6F0qVwtALaxk=
github.com/aws/aws-sdk-go-v2/service/sso v1.22.4 h1:BXx0ZIxvrJdSgSvKTZ+yRBeSqqgPM89VPlulEcl37tM=
github.com/aws/aws-sdk-go-v2/service/sso v1.22.4/go.mod h1:ooyCOXjvJEsUw7x+ZDHeISPMhtwI3ZCB7ggFMcFfWLU=
github.com/aws/aws-sdk-go-v2/service/sso v1.24.5 h1:HJwZwRt2Z2Tdec+m+fPjvdmkq2s9Ra+VR0hjF7V2o40=
github.com/aws/aws-sdk-go-v2/service/sso v1.24.5/go.mod h1:wrMCEwjFPms+V86TCQQeOxQF/If4vT44FGIOFiMC2ck=
github.com/aws/aws-sdk-go-v2/service/ssooidc v1.26.4 h1:yiwVzJW2ZxZTurVbYWA7QOrAaCYQR72t0wrSBfoesUE=
github.com/aws/aws-sdk-go-v2/service/ssooidc v1.26.4/go.mod h1:0oxfLkpz3rQ/CHlx5hB7H69YUpFiI1tql6Q6Ne+1bCw=
github.com/aws/aws-sdk-go-v2/service/ssooidc v1.28.4 h1:zcx9LiGWZ6i6pjdcoE9oXAB6mUdeyC36Ia/QEiIvYdg=
github.com/aws/aws-sdk-go-v2/service/ssooidc v1.28.4/go.mod h1:Tp/ly1cTjRLGBBmNccFumbZ8oqpZlpdhFf80SrRh4is=
github.com/aws/aws-sdk-go-v2/service/sts v1.30.3 h1:ZsDKRLXGWHk8WdtyYMoGNO7bTudrvuKpDKgMVRlepGE=
github.com/aws/aws-sdk-go-v2/service/sts v1.30.3/go.mod h1:zwySh8fpFyXp9yOr/KVzxOl8SRqgf/IDw5aUt9UKFcQ=
github.com/aws/aws-sdk-go-v2/service/sts v1.32.4 h1:yDxvkz3/uOKfxnv8YhzOi9m+2OGIxF+on3KOISbK5IU=
github.com/aws/aws-sdk-go-v2/service/sts v1.32.4/go.mod h1:9XEUty5v5UAsMiFOBJrNibZgwCeOma73jgGwwhgffa8=
github.com/aws/smithy-go v1.20.3 h1:ryHwveWzPV5BIof6fyDvor6V3iUL7nTfiTKXHiW05nE=
github.com/aws/smithy-go v1.20.3/go.mod h1:krry+ya/rV9RDcV/Q16kpu6ypI4K2czasz0NC3qS14E=
github.com/aws/smithy-go v1.22.0 h1:uunKnWlcoL3zO7q+gG2Pk53joueEOsnNB28QdMsmiMM=
github.com/aws/smithy-go v1.22.0/go.mod h1:irrKGvNn1InZwb2d7fkIRNucdfwR8R+Ts3wxYa/cJHg=
github.com/go-sql-driver/mysql v1.8.1 h1:LedoTUt/eveggdHS9qUFC1EFSa8bU2+1pZjSRpvNJ1Y=
github.com/go-sql-driver/mysql v1.8.1/go.mod h1:wEBSXgmK//2ZFJyE+qWnIsVGmvmEKlqwuVSjsCm7DZg=
